
Microsoft Visual Studio Solution File, Format Version 12.00
# Visual Studio Version 17
VisualStudioVersion = 17.8.34322.80
MinimumVisualStudioVersion = 10.0.40219.1
Project("{888888A0-9F3D-457C-B088-3A5042F75D52}") = "Circle", "Circle\Circle.pyproj", "{A14D6506-327A-48F2-A349-93585CAAD8CE}"
EndProject
Project("{888888A0-9F3D-457C-B088-3A5042F75D52}") = "Sirakus", "Sirakus\Sirakus.pyproj", "{77ADAD5B-BF16-49C6-AE1E-4F1B3E492802}"
EndProject
Project("{888888A0-9F3D-457C-B088-3A5042F75D52}") = "Списки", "Списки\Списки.pyproj", "{51B38D4D-0BFF-47EA-A2B0-6518EB68D9E1}"
EndProject
Global
	GlobalSection(SolutionConfigurationPlatforms) = preSolution
		Debug|Any CPU = Debug|Any CPU
		Release|Any CPU = Release|Any CPU
	EndGlobalSection
	GlobalSection(ProjectConfigurationPlatforms) = postSolution
		{A14D6506-327A-48F2-A349-93585CAAD8CE}.Debug|Any CPU.ActiveCfg = Debug|Any CPU
		{A14D6506-327A-48F2-A349-93585CAAD8CE}.Release|Any CPU.ActiveCfg = Release|Any CPU
		{77ADAD5B-BF16-49C6-AE1E-4F1B3E492802}.Debug|Any CPU.ActiveCfg = Debug|Any CPU
		{77ADAD5B-BF16-49C6-AE1E-4F1B3E492802}.Release|Any CPU.ActiveCfg = Release|Any CPU
		{51B38D4D-0BFF-47EA-A2B0-6518EB68D9E1}.Debug|Any CPU.ActiveCfg = Debug|Any CPU
		{51B38D4D-0BFF-47EA-A2B0-6518EB68D9E1}.Release|Any CPU.ActiveCfg = Release|Any CPU
	EndGlobalSection
	GlobalSection(SolutionProperties) = preSolution
		HideSolutionNode = FALSE
	EndGlobalSection
	GlobalSection(ExtensibilityGlobals) = postSolution
		SolutionGuid = {51B4F428-D73E-4022-8357-889BB3917B1F}
	EndGlobalSection
EndGlobal
